
Microsoft Visual Studio Solution File, Format Version 12.00
# Visual Studio Version 16
VisualStudioVersion = 16.0.31005.135
MinimumVisualStudioVersion = 10.0.40219.1
Project("{F184B08F-C81C-45F6-A57F-5ABD9991F28F}") = "Front", "Front\Front.vbproj", "{9BD33ED4-895E-4B00-8016-950D9978F97C}"
EndProject
Global
	GlobalSection(SolutionConfigurationPlatforms) = preSolution
		Debug|Any CPU = Debug|Any CPU
		Release|Any CPU = Release|Any CPU
	EndGlobalSection
	GlobalSection(ProjectConfigurationPlatforms) = postSolution
		{9BD33ED4-895E-4B00-8016-950D9978F97C}.Debug|Any CPU.ActiveCfg = Debug|Any CPU
		{9BD33ED4-895E-4B00-8016-950D9978F97C}.Debug|Any CPU.Build.0 = Debug|Any CPU
		{9BD33ED4-895E-4B00-8016-950D9978F97C}.Release|Any CPU.ActiveCfg = Release|Any CPU
		{9BD33ED4-895E-4B00-8016-950D9978F97C}.Release|Any CPU.Build.0 = Release|Any CPU
	EndGlobalSection
	GlobalSection(SolutionProperties) = preSolution
		HideSolutionNode = FALSE
	EndGlobalSection
	GlobalSection(ExtensibilityGlobals) = postSolution
		SolutionGuid = {024D7055-7B6C-4883-805D-DB3A57B3E17A}
	EndGlobalSection
EndGlobal
